
Microsoft Visual Studio Solution File, Format Version 12.00
# Visual Studio Version 17
VisualStudioVersion = 17.5.33424.131
MinimumVisualStudioVersion = 10.0.40219.1
Project("{FAE04EC0-301F-11D3-BF4B-00C04F79EFBC}") = "esercitazionesettimanale", "esercitazionesettimanale\esercitazionesettimanale.csproj", "{F24B6655-E951-4315-970A-F1C8D705BBA5}"
EndProject
Global
	GlobalSection(SolutionConfigurationPlatforms) = preSolution
		Debug|Any CPU = Debug|Any CPU
		Release|Any CPU = Release|Any CPU
	EndGlobalSection
	GlobalSection(ProjectConfigurationPlatforms) = postSolution
		{F24B6655-E951-4315-970A-F1C8D705BBA5}.Debug|Any CPU.ActiveCfg = Debug|Any CPU
		{F24B6655-E951-4315-970A-F1C8D705BBA5}.Debug|Any CPU.Build.0 = Debug|Any CPU
		{F24B6655-E951-4315-970A-F1C8D705BBA5}.Release|Any CPU.ActiveCfg = Release|Any CPU
		{F24B6655-E951-4315-970A-F1C8D705BBA5}.Release|Any CPU.Build.0 = Release|Any CPU
	EndGlobalSection
	GlobalSection(SolutionProperties) = preSolution
		HideSolutionNode = FALSE
	EndGlobalSection
	GlobalSection(ExtensibilityGlobals) = postSolution
		SolutionGuid = {D4A3EFC9-6816-452C-ABAA-4031A99759D6}
	EndGlobalSection
EndGlobal
